
Microsoft Visual Studio Solution File, Format Version 12.00
# Visual Studio Version 16
VisualStudioVersion = 16.0.33927.289
MinimumVisualStudioVersion = 10.0.40219.1
Project("{2150E333-8FDC-42A3-9474-1A3956D46DE8}") = "Task0", "Task0", "{43F49148-115B-4913-9497-639CE6F3F500}"
EndProject
Project("{FAE04EC0-301F-11D3-BF4B-00C04F79EFBC}") = "Tyuiu.ShabukovDV.Sprint3.Task0.V1", "Tyuiu.ShabukovDB.Sprint3.Task0.V1\Tyuiu.ShabukovDV.Sprint3.Task0.V1.csproj", "{D3718791-FC74-4ED9-8FC0-A7F6AB069C12}"
EndProject
Project("{FAE04EC0-301F-11D3-BF4B-00C04F79EFBC}") = "Tyuiu.ShabukovDV.Sprint3.V1.Test", "Tyuiu.ShabukovDV.Sprint3.V1.Test\Tyuiu.ShabukovDV.Sprint3.V1.Test.csproj", "{F4C96D12-8A5F-4655-90A4-E3CB4262FE26}"
EndProject
Project("{FAE04EC0-301F-11D3-BF4B-00C04F79EFBC}") = "Tyuiu.ShabukovDV.Sprint3.V1.Lib", "Tyuiu.ShabukovDV.Sprint3.V1.Lib\Tyuiu.ShabukovDV.Sprint3.V1.Lib.csproj", "{8E737368-403F-44E6-8F4D-3B0BE3538304}"
EndProject
Project("{2150E333-8FDC-42A3-9474-1A3956D46DE8}") = "Task1", "Task1", "{91E3D480-DEAD-4AA6-9B18-2BA0AA124101}"
EndProject
Project("{FAE04EC0-301F-11D3-BF4B-00C04F79EFBC}") = "Tyuiu.ShabukovDV.Sprint3.Task1.V20", "Tyuiu.ShabukovDV.Sprint3.Task1.V20\Tyuiu.ShabukovDV.Sprint3.Task1.V20.csproj", "{3EE565F1-1DB4-432B-82F0-189342CF5B13}"
EndProject
Project("{FAE04EC0-301F-11D3-BF4B-00C04F79EFBC}") = "Tyuiu.ShabukovDV.Sprint3.Task1.V20.Test", "Tyuiu.ShabukovDV.Sprint3.Task1.V20.Test\Tyuiu.ShabukovDV.Sprint3.Task1.V20.Test.csproj", "{0BD5D74D-15F0-404F-A1F2-1B8CCCB4FB3F}"
EndProject
Project("{FAE04EC0-301F-11D3-BF4B-00C04F79EFBC}") = "Tyuiu.ShabukovDV.Sprint3.Task1.V20.Lib", "Tyuiu.ShabukovDV.Sprint3.Task1.V20.Lib\Tyuiu.ShabukovDV.Sprint3.Task1.V20.Lib.csproj", "{CBBF0F5C-8D0D-44D4-857C-B84907685E0C}"
EndProject
Project("{2150E333-8FDC-42A3-9474-1A3956D46DE8}") = "Task2", "Task2", "{4BE9AEF9-CDFB-4001-B94E-B1E71ABBBF1F}"
EndProject
Project("{FAE04EC0-301F-11D3-BF4B-00C04F79EFBC}") = "Tyuiu.ShabukovDV.Sprint3.Task2.V4", "Tyuiu.ShabukovDV.Sprint3.Task2.V4\Tyuiu.ShabukovDV.Sprint3.Task2.V4.csproj", "{5DED1945-2005-4DC3-8BA5-D37F26E70441}"
EndProject
Project("{FAE04EC0-301F-11D3-BF4B-00C04F79EFBC}") = "Tyuiu.ShabukovDV.Sprint3.Task2.V4.Test", "Tyuiu.ShabukovDV.Sprint3.Task2.V4.Test\Tyuiu.ShabukovDV.Sprint3.Task2.V4.Test.csproj", "{B15D74B6-D742-4BF8-9162-31A3C917CF8B}"
EndProject
Project("{FAE04EC0-301F-11D3-BF4B-00C04F79EFBC}") = "Tyuiu.ShabukovDV.Sprint3.Task2.V4.Lib", "Tyuiu.ShabukovDV.Sprint3.Task2.V4.Lib\Tyuiu.ShabukovDV.Sprint3.Task2.V4.Lib.csproj", "{481F5DFC-6C3D-422A-A452-53F59BF313D8}"
EndProject
Global
	GlobalSection(SolutionConfigurationPlatforms) = preSolution
		Debug|Any CPU = Debug|Any CPU
		Release|Any CPU = Release|Any CPU
	EndGlobalSection
	GlobalSection(ProjectConfigurationPlatforms) = postSolution
		{D3718791-FC74-4ED9-8FC0-A7F6AB069C12}.Debug|Any CPU.ActiveCfg = Debug|Any CPU
		{D3718791-FC74-4ED9-8FC0-A7F6AB069C12}.Debug|Any CPU.Build.0 = Debug|Any CPU
		{D3718791-FC74-4ED9-8FC0-A7F6AB069C12}.Release|Any CPU.ActiveCfg = Release|Any CPU
		{D3718791-FC74-4ED9-8FC0-A7F6AB069C12}.Release|Any CPU.Build.0 = Release|Any CPU
		{F4C96D12-8A5F-4655-90A4-E3CB4262FE26}.Debug|Any CPU.ActiveCfg = Debug|Any CPU
		{F4C96D12-8A5F-4655-90A4-E3CB4262FE26}.Debug|Any CPU.Build.0 = Debug|Any CPU
		{F4C96D12-8A5F-4655-90A4-E3CB4262FE26}.Release|Any CPU.ActiveCfg = Release|Any CPU
		{F4C96D12-8A5F-4655-90A4-E3CB4262FE26}.Release|Any CPU.Build.0 = Release|Any CPU
		{8E737368-403F-44E6-8F4D-3B0BE3538304}.Debug|Any CPU.ActiveCfg = Debug|Any CPU
		{8E737368-403F-44E6-8F4D-3B0BE3538304}.Debug|Any CPU.Build.0 = Debug|Any CPU
		{8E737368-403F-44E6-8F4D-3B0BE3538304}.Release|Any CPU.ActiveCfg = Release|Any CPU
		{8E737368-403F-44E6-8F4D-3B0BE3538304}.Release|Any CPU.Build.0 = Release|Any CPU
		{3EE565F1-1DB4-432B-82F0-189342CF5B13}.Debug|Any CPU.ActiveCfg = Debug|Any CPU
		{3EE565F1-1DB4-432B-82F0-189342CF5B13}.Debug|Any CPU.Build.0 = Debug|Any CPU
		{3EE565F1-1DB4-432B-82F0-189342CF5B13}.Release|Any CPU.ActiveCfg = Release|Any CPU
		{3EE565F1-1DB4-432B-82F0-189342CF5B13}.Release|Any CPU.Build.0 = Release|Any CPU
		{0BD5D74D-15F0-404F-A1F2-1B8CCCB4FB3F}.Debug|Any CPU.ActiveCfg = Debug|Any CPU
		{0BD5D74D-15F0-404F-A1F2-1B8CCCB4FB3F}.Debug|Any CPU.Build.0 = Debug|Any CPU
		{0BD5D74D-15F0-404F-A1F2-1B8CCCB4FB3F}.Release|Any CPU.ActiveCfg = Release|Any CPU
		{0BD5D74D-15F0-404F-A1F2-1B8CCCB4FB3F}.Release|Any CPU.Build.0 = Release|Any CPU
		{CBBF0F5C-8D0D-44D4-857C-B84907685E0C}.Debug|Any CPU.ActiveCfg = Debug|Any CPU
		{CBBF0F5C-8D0D-44D4-857C-B84907685E0C}.Debug|Any CPU.Build.0 = Debug|Any CPU
		{CBBF0F5C-8D0D-44D4-857C-B84907685E0C}.Release|Any CPU.ActiveCfg = Release|Any CPU
		{CBBF0F5C-8D0D-44D4-857C-B84907685E0C}.Release|Any CPU.Build.0 = Release|Any CPU
		{5DED1945-2005-4DC3-8BA5-D37F26E70441}.Debug|Any CPU.ActiveCfg = Debug|Any CPU
		{5DED1945-2005-4DC3-8BA5-D37F26E70441}.Debug|Any CPU.Build.0 = Debug|Any CPU
		{5DED1945-2005-4DC3-8BA5-D37F26E70441}.Release|Any CPU.ActiveCfg = Release|Any CPU
		{5DED1945-2005-4DC3-8BA5-D37F26E70441}.Release|Any CPU.Build.0 = Release|Any CPU
		{B15D74B6-D742-4BF8-9162-31A3C917CF8B}.Debug|Any CPU.ActiveCfg = Debug|Any CPU
		{B15D74B6-D742-4BF8-9162-31A3C917CF8B}.Debug|Any CPU.Build.0 = Debug|Any CPU
		{B15D74B6-D742-4BF8-9162-31A3C917CF8B}.Release|Any CPU.ActiveCfg = Release|Any CPU
		{B15D74B6-D742-4BF8-9162-31A3C917CF8B}.Release|Any CPU.Build.0 = Release|Any CPU
		{481F5DFC-6C3D-422A-A452-53F59BF313D8}.Debug|Any CPU.ActiveCfg = Debug|Any CPU
		{481F5DFC-6C3D-422A-A452-53F59BF313D8}.Debug|Any CPU.Build.0 = Debug|Any CPU
		{481F5DFC-6C3D-422A-A452-53F59BF313D8}.Release|Any CPU.ActiveCfg = Release|Any CPU
		{481F5DFC-6C3D-422A-A452-53F59BF313D8}.Release|Any CPU.Build.0 = Release|Any CPU
	EndGlobalSection
	GlobalSection(SolutionProperties) = preSolution
		HideSolutionNode = FALSE
	EndGlobalSection
	GlobalSection(NestedProjects) = preSolution
		{D3718791-FC74-4ED9-8FC0-A7F6AB069C12} = {43F49148-115B-4913-9497-639CE6F3F500}
		{F4C96D12-8A5F-4655-90A4-E3CB4262FE26} = {43F49148-115B-4913-9497-639CE6F3F500}
		{8E737368-403F-44E6-8F4D-3B0BE3538304} = {43F49148-115B-4913-9497-639CE6F3F500}
		{3EE565F1-1DB4-432B-82F0-189342CF5B13} = {91E3D480-DEAD-4AA6-9B18-2BA0AA124101}
		{0BD5D74D-15F0-404F-A1F2-1B8CCCB4FB3F} = {91E3D480-DEAD-4AA6-9B18-2BA0AA124101}
		{CBBF0F5C-8D0D-44D4-857C-B84907685E0C} = {91E3D480-DEAD-4AA6-9B18-2BA0AA124101}
		{5DED1945-2005-4DC3-8BA5-D37F26E70441} = {4BE9AEF9-CDFB-4001-B94E-B1E71ABBBF1F}
		{B15D74B6-D742-4BF8-9162-31A3C917CF8B} = {4BE9AEF9-CDFB-4001-B94E-B1E71ABBBF1F}
		{481F5DFC-6C3D-422A-A452-53F59BF313D8} = {4BE9AEF9-CDFB-4001-B94E-B1E71ABBBF1F}
	EndGlobalSection
	GlobalSection(ExtensibilityGlobals) = postSolution
		SolutionGuid = {611E77C9-FA43-44ED-BA26-6745CF2D5A44}
	EndGlobalSection
EndGlobal
